{
  "name": "roon-extension-netease-lyrics",
  "version": "1.0.0",
  "lockfileVersion": 3,
  "requires": true,
  "packages": {
    "": {
      "name": "roon-extension-netease-lyrics",
      "version": "1.0.0",
      "license": "MIT",
      "dependencies": {
        "node-roon-api": "https://codeload.github.com/roonlabs/node-roon-api/tar.gz/055dae6c2ac45b6c738aa3b9e5ac1fd722ed60e8",
        "node-roon-api-image": "https://codeload.github.com/roonlabs/node-roon-api-image/tar.gz/a5f0efaf2dfb5457e91abe326c3a40d865131d32",
        "node-roon-api-status": "https://codeload.github.com/roonlabs/node-roon-api-status/tar.gz/504c918d6da267e03fbb4337befa71ca3d3c7526",
        "node-roon-api-transport": "https://codeload.github.com/roonlabs/node-roon-api-transport/tar.gz/2ee60008a4cdb90c34ff3de58bb4b949067f1d20",
        "ws": "^8.22.0"
      },
      "engines": {
        "node": ">=18"
      }
    },
    "node_modules/node-roon-api": {
      "version": "1.2.3",
      "resolved": "https://codeload.github.com/roonlabs/node-roon-api/tar.gz/055dae6c2ac45b6c738aa3b9e5ac1fd722ed60e8",
      "integrity": "sha512-f/H0Fg5wr46HDjbbTz7MtcPOC9LeaxdAtUdkIocB3xfgRI1VyEbRlyF0jCr6g9/OF4muz5RvoauHu5fEGNT/aw==",
      "license": "Apache-2.0",
      "dependencies": {
        "node-uuid": "^1.4.7",
        "ws": ">=3.3.1"
      }
    },
    "node_modules/node-roon-api-image": {
      "version": "1.0.0",
      "resolved": "https://codeload.github.com/roonlabs/node-roon-api-image/tar.gz/a5f0efaf2dfb5457e91abe326c3a40d865131d32",
      "integrity": "sha512-OG12BBFoYtWWiAm7DmDfTdTx6q4Am5y9DsO3Of08kY3qrjKy5YlxYHTqdn3CyrX47nL6YesbRMfp3DqjC2udTg==",
      "license": "Apache-2.0"
    },
    "node_modules/node-roon-api-status": {
      "version": "1.0.0",
      "resolved": "https://codeload.github.com/roonlabs/node-roon-api-status/tar.gz/504c918d6da267e03fbb4337befa71ca3d3c7526",
      "integrity": "sha512-3kKCbHMdfDdM/Twnr9J+VBK3oTQCW4B7fHiFu/1B+jS/QdZLTCmwhNqZnZJGJpfvigMMJrCa3RQvhr+heAXubw==",
      "license": "Apache-2.0"
    },
    "node_modules/node-roon-api-transport": {
      "version": "2.0.1",
      "resolved": "https://codeload.github.com/roonlabs/node-roon-api-transport/tar.gz/2ee60008a4cdb90c34ff3de58bb4b949067f1d20",
      "integrity": "sha512-XhFE2brw33EWBo3Oo7Aqf5RYqIBK6w/ofnweCZAPhtdfYLEr+WW/w/nl+csRj+itzXQC0BgL3/YYXLcBQYzG4A==",
      "license": "Apache-2.0"
    },
    "node_modules/node-uuid": {
      "version": "1.4.8",
      "resolved": "https://registry.npmjs.org/node-uuid/-/node-uuid-1.4.8.tgz",
      "integrity": "sha512-TkCET/3rr9mUuRp+CpO7qfgT++aAxfDRaalQhwPFzI9BY/2rCDn6OfpZOVggi1AXfTPpfkTrg5f5WQx5G1uLxA==",
      "deprecated": "Use uuid module instead",
      "bin": {
        "uuid": "bin/uuid"
      }
    },
    "node_modules/ws": {
      "version": "8.22.0",
      "resolved": "https://registry.npmjs.org/ws/-/ws-8.22.0.tgz",
      "integrity": "sha512-Ydggc987+RO0AnWtZ/7Wq9FtNvcrL1b/RO0ud9mWjUPgDrsAAwQSF51sm2hm1XofbU/4jkpGEsLFsZZxU+1DOg==",
      "license": "MIT",
      "engines": {
        "node": ">=10.0.0"
      },
      "peerDependencies": {
        "bufferutil": "^4.0.1",
        "utf-8-validate": ">=5.0.2"
      },
      "peerDependenciesMeta": {
        "bufferutil": {
          "optional": true
        },
        "utf-8-validate": {
          "optional": true
        }
      }
    }
  }
}
